// !$*UTF8*$!
{
	archiveVersion = 1;
	classes = {
	};
	objectVersion = 55;
	objects = {

/* Begin PBXBuildFile section */
		B5794EDDA19A09EA3CE6202A /* Pods_GoodDayDiary.framework in Frameworks */ = {isa = PBXBuildFile; fileRef = E101C8B2C264826248FF8762 /* Pods_GoodDayDiary.framework */; };
		F0AD87DB2909499A00D35136 /* AppDelegate.swift in Sources */ = {isa = PBXBuildFile; fileRef = F0AD87DA2909499A00D35136 /* AppDelegate.swift */; };
		F0AD87DD2909499A00D35136 /* SceneDelegate.swift in Sources */ = {isa = PBXBuildFile; fileRef = F0AD87DC2909499A00D35136 /* SceneDelegate.swift */; };
		F0AD87DF2909499A00D35136 /* MainVC.swift in Sources */ = {isa = PBXBuildFile; fileRef = F0AD87DE2909499A00D35136 /* MainVC.swift */; };
		F0AD87E22909499A00D35136 /* Main.storyboard in Resources */ = {isa = PBXBuildFile; fileRef = F0AD87E02909499A00D35136 /* Main.storyboard */; };
		F0AD87E42909499A00D35136 /* Assets.xcassets in Resources */ = {isa = PBXBuildFile; fileRef = F0AD87E32909499A00D35136 /* Assets.xcassets */; };
		F0AD87E72909499A00D35136 /* LaunchScreen.storyboard in Resources */ = {isa = PBXBuildFile; fileRef = F0AD87E52909499A00D35136 /* LaunchScreen.storyboard */; };
		F0AD87F729094D5200D35136 /* AppleSDGothicNeoH.ttf in Resources */ = {isa = PBXBuildFile; fileRef = F0AD87F529094D5200D35136 /* AppleSDGothicNeoH.ttf */; };
		F0AD87F829094D5200D35136 /* AppleSDGothicNeoEB.ttf in Resources */ = {isa = PBXBuildFile; fileRef = F0AD87F629094D5200D35136 /* AppleSDGothicNeoEB.ttf */; };
		F0AD87FA29094DB100D35136 /* FontManager.swift in Sources */ = {isa = PBXBuildFile; fileRef = F0AD87F929094DB100D35136 /* FontManager.swift */; };
		F0AD87FC29094DD900D35136 /* TimeManager.swift in Sources */ = {isa = PBXBuildFile; fileRef = F0AD87FB29094DD900D35136 /* TimeManager.swift */; };
		F0AD87FE29094E0B00D35136 /* FirebaseManager.swift in Sources */ = {isa = PBXBuildFile; fileRef = F0AD87FD29094E0B00D35136 /* FirebaseManager.swift */; };
		F0AD880029094E2300D35136 /* ImageManager.swift in Sources */ = {isa = PBXBuildFile; fileRef = F0AD87FF29094E2300D35136 /* ImageManager.swift */; };
		F0AD8802290950F800D35136 /* ColorManager.swift in Sources */ = {isa = PBXBuildFile; fileRef = F0AD8801290950F800D35136 /* ColorManager.swift */; };
		F0AD8804290952BE00D35136 /* GoogleService-Info.plist in Resources */ = {isa = PBXBuildFile; fileRef = F0AD8803290952BE00D35136 /* GoogleService-Info.plist */; };
		F0D51C86290AA5A900ACAC83 /* UIView.swift in Sources */ = {isa = PBXBuildFile; fileRef = F0D51C85290AA5A900ACAC83 /* UIView.swift */; };
/* End PBXBuildFile section */

/* Begin PBXFileReference section */
		4D6D5FA8F1F32F7042DB45A9 /* Pods-GoodDayDiary.debug.xcconfig */ = {isa = PBXFileReference; includeInIndex = 1; lastKnownFileType = text.xcconfig; name = "Pods-GoodDayDiary.debug.xcconfig"; path = "Target Support Files/Pods-GoodDayDiary/Pods-GoodDayDiary.debug.xcconfig"; sourceTree = "<group>"; };
		672F9E54FEB12167771806A0 /* Pods-GoodDayDiary.release.xcconfig */ = {isa = PBXFileReference; includeInIndex = 1; lastKnownFileType = text.xcconfig; name = "Pods-GoodDayDiary.release.xcconfig"; path = "Target Support Files/Pods-GoodDayDiary/Pods-GoodDayDiary.release.xcconfig"; sourceTree = "<group>"; };
		E101C8B2C264826248FF8762 /* Pods_GoodDayDiary.framework */ = {isa = PBXFileReference; explicitFileType = wrapper.framework; includeInIndex = 0; path = Pods_GoodDayDiary.framework; sourceTree = BUILT_PRODUCTS_DIR; };
		F0AD87D72909499A00D35136 /* GoodDayDiary.app */ = {isa = PBXFileReference; explicitFileType = wrapper.application; includeInIndex = 0; path = GoodDayDiary.app; sourceTree = BUILT_PRODUCTS_DIR; };
		F0AD87DA2909499A00D35136 /* AppDelegate.swift */ = {isa = PBXFileReference; lastKnownFileType = sourcecode.swift; path = AppDelegate.swift; sourceTree = "<group>"; };
		F0AD87DC2909499A00D35136 /* SceneDelegate.swift */ = {isa = PBXFileReference; lastKnownFileType = sourcecode.swift; path = SceneDelegate.swift; sourceTree = "<group>"; };
		F0AD87DE2909499A00D35136 /* MainVC.swift */ = {isa = PBXFileReference; lastKnownFileType = sourcecode.swift; path = MainVC.swift; sourceTree = "<group>"; };
		F0AD87E12909499A00D35136 /* Base */ = {isa = PBXFileReference; lastKnownFileType = file.storyboard; name = Base; path = Base.lproj/Main.storyboard; sourceTree = "<group>"; };
		F0AD87E32909499A00D35136 /* Assets.xcassets */ = {isa = PBXFileReference; lastKnownFileType = folder.assetcatalog; path = Assets.xcassets; sourceTree = "<group>"; };
		F0AD87E62909499A00D35136 /* Base */ = {isa = PBXFileReference; lastKnownFileType = file.storyboard; name = Base; path = Base.lproj/LaunchScreen.storyboard; sourceTree = "<group>"; };
		F0AD87E82909499A00D35136 /* Info.plist */ = {isa = PBXFileReference; lastKnownFileType = text.plist.xml; path = Info.plist; sourceTree = "<group>"; };
		F0AD87F529094D5200D35136 /* AppleSDGothicNeoH.ttf */ = {isa = PBXFileReference; lastKnownFileType = file; path = AppleSDGothicNeoH.ttf; sourceTree = "<group>"; };
		F0AD87F629094D5200D35136 /* AppleSDGothicNeoEB.ttf */ = {isa = PBXFileReference; lastKnownFileType = file; path = AppleSDGothicNeoEB.ttf; sourceTree = "<group>"; };
		F0AD87F929094DB100D35136 /* FontManager.swift */ = {isa = PBXFileReference; lastKnownFileType = sourcecode.swift; path = FontManager.swift; sourceTree = "<group>"; };
		F0AD87FB29094DD900D35136 /* TimeManager.swift */ = {isa = PBXFileReference; lastKnownFileType = sourcecode.swift; path = TimeManager.swift; sourceTree = "<group>"; };
		F0AD87FD29094E0B00D35136 /* FirebaseManager.swift */ = {isa = PBXFileReference; lastKnownFileType = sourcecode.swift; path = FirebaseManager.swift; sourceTree = "<group>"; };
		F0AD87FF29094E2300D35136 /* ImageManager.swift */ = {isa = PBXFileReference; lastKnownFileType = sourcecode.swift; path = ImageManager.swift; sourceTree = "<group>"; };
		F0AD8801290950F800D35136 /* ColorManager.swift */ = {isa = PBXFileReference; lastKnownFileType = sourcecode.swift; path = ColorManager.swift; sourceTree = "<group>"; };
		F0AD8803290952BE00D35136 /* GoogleService-Info.plist */ = {isa = PBXFileReference; lastKnownFileType = text.plist; path = "GoogleService-Info.plist"; sourceTree = SOURCE_ROOT; };
		F0D51C85290AA5A900ACAC83 /* UIView.swift */ = {isa = PBXFileReference; lastKnownFileType = sourcecode.swift; path = UIView.swift; sourceTree = "<group>"; };
/* End PBXFileReference section */

/* Begin PBXFrameworksBuildPhase section */
		F0AD87D42909499A00D35136 /* Frameworks */ = {
			isa = PBXFrameworksBuildPhase;
			buildActionMask = 2147483647;
			files = (
				B5794EDDA19A09EA3CE6202A /* Pods_GoodDayDiary.framework in Frameworks */,
			);
			runOnlyForDeploymentPostprocessing = 0;
		};
/* End PBXFrameworksBuildPhase section */

/* Begin PBXGroup section */
		882BAA297EDACB819CFA17B7 /* Pods */ = {
			isa = PBXGroup;
			children = (
				4D6D5FA8F1F32F7042DB45A9 /* Pods-GoodDayDiary.debug.xcconfig */,
				672F9E54FEB12167771806A0 /* Pods-GoodDayDiary.release.xcconfig */,
			);
			path = Pods;
			sourceTree = "<group>";
		};
		A96AB8D9FAA9F6C9B2A659E6 /* Frameworks */ = {
			isa = PBXGroup;
			children = (
				E101C8B2C264826248FF8762 /* Pods_GoodDayDiary.framework */,
			);
			name = Frameworks;
			sourceTree = "<group>";
		};
		F0AD87CE2909499A00D35136 = {
			isa = PBXGroup;
			children = (
				F0AD87D92909499A00D35136 /* GoodDayDiary */,
				F0AD87D82909499A00D35136 /* Products */,
				882BAA297EDACB819CFA17B7 /* Pods */,
				A96AB8D9FAA9F6C9B2A659E6 /* Frameworks */,
			);
			sourceTree = "<group>";
		};
		F0AD87D82909499A00D35136 /* Products */ = {
			isa = PBXGroup;
			children = (
				F0AD87D72909499A00D35136 /* GoodDayDiary.app */,
			);
			name = Products;
			sourceTree = "<group>";
		};
		F0AD87D92909499A00D35136 /* GoodDayDiary */ = {
			isa = PBXGroup;
			children = (
				F0AD87DA2909499A00D35136 /* AppDelegate.swift */,
				F0AD87DC2909499A00D35136 /* SceneDelegate.swift */,
				F0AD87EE29094CA700D35136 /* Models */,
				F0AD87F029094CB600D35136 /* Views */,
				F0AD87EF29094CAE00D35136 /* ViewControllers */,
				F0AD87F129094CC100D35136 /* Cells */,
				F0AD87F329094CDB00D35136 /* Managers */,
				F0AD87F229094CD400D35136 /* Enums */,
				F0D51C84290AA55800ACAC83 /* Extensions */,
				F0AD87F429094CEB00D35136 /* Fonts */,
				F0AD87E32909499A00D35136 /* Assets.xcassets */,
				F0AD87E82909499A00D35136 /* Info.plist */,
				F0AD8803290952BE00D35136 /* GoogleService-Info.plist */,
			);
			path = GoodDayDiary;
			sourceTree = "<group>";
		};
		F0AD87EE29094CA700D35136 /* Models */ = {
			isa = PBXGroup;
			children = (
			);
			path = Models;
			sourceTree = "<group>";
		};
		F0AD87EF29094CAE00D35136 /* ViewControllers */ = {
			isa = PBXGroup;
			children = (
				F0AD87DE2909499A00D35136 /* MainVC.swift */,
			);
			path = ViewControllers;
			sourceTree = "<group>";
		};
		F0AD87F029094CB600D35136 /* Views */ = {
			isa = PBXGroup;
			children = (
				F0AD87E52909499A00D35136 /* LaunchScreen.storyboard */,
				F0AD87E02909499A00D35136 /* Main.storyboard */,
			);
			path = Views;
			sourceTree = "<group>";
		};
		F0AD87F129094CC100D35136 /* Cells */ = {
			isa = PBXGroup;
			children = (
			);
			path = Cells;
			sourceTree = "<group>";
		};
		F0AD87F229094CD400D35136 /* Enums */ = {
			isa = PBXGroup;
			children = (
			);
			path = Enums;
			sourceTree = "<group>";
		};
		F0AD87F329094CDB00D35136 /* Managers */ = {
			isa = PBXGroup;
			children = (
				F0AD87F929094DB100D35136 /* FontManager.swift */,
				F0AD87FB29094DD900D35136 /* TimeManager.swift */,
				F0AD87FD29094E0B00D35136 /* FirebaseManager.swift */,
				F0AD87FF29094E2300D35136 /* ImageManager.swift */,
				F0AD8801290950F800D35136 /* ColorManager.swift */,
			);
			path = Managers;
			sourceTree = "<group>";
		};
		F0AD87F429094CEB00D35136 /* Fonts */ = {
			isa = PBXGroup;
			children = (
				F0AD87F629094D5200D35136 /* AppleSDGothicNeoEB.ttf */,
				F0AD87F529094D5200D35136 /* AppleSDGothicNeoH.ttf */,
			);
			path = Fonts;
			sourceTree = "<group>";
		};
		F0D51C84290AA55800ACAC83 /* Extensions */ = {
			isa = PBXGroup;
			children = (
				F0D51C85290AA5A900ACAC83 /* UIView.swift */,
			);
			path = Extensions;
			sourceTree = "<group>";
		};
/* End PBXGroup section */

/* Begin PBXNativeTarget section */
		F0AD87D62909499A00D35136 /* GoodDayDiary */ = {
			isa = PBXNativeTarget;
			buildConfigurationList = F0AD87EB2909499A00D35136 /* Build configuration list for PBXNativeTarget "GoodDayDiary" */;
			buildPhases = (
				55F1CDDE28B91258699963D5 /* [CP] Check Pods Manifest.lock */,
				F0AD87D32909499A00D35136 /* Sources */,
				F0AD87D42909499A00D35136 /* Frameworks */,
				F0AD87D52909499A00D35136 /* Resources */,
				A1D8871FC301DDDA6EFC1F01 /* [CP] Embed Pods Frameworks */,
			);
			buildRules = (
			);
			dependencies = (
			);
			name = GoodDayDiary;
			productName = GoodDayDiary;
			productReference = F0AD87D72909499A00D35136 /* GoodDayDiary.app */;
			productType = "com.apple.product-type.application";
		};
/* End PBXNativeTarget section */

/* Begin PBXProject section */
		F0AD87CF2909499A00D35136 /* Project object */ = {
			isa = PBXProject;
			attributes = {
				BuildIndependentTargetsInParallel = 1;
				LastSwiftUpdateCheck = 1400;
				LastUpgradeCheck = 1400;
				TargetAttributes = {
					F0AD87D62909499A00D35136 = {
						CreatedOnToolsVersion = 14.0.1;
					};
				};
			};
			buildConfigurationList = F0AD87D22909499A00D35136 /* Build configuration list for PBXProject "GoodDayDiary" */;
			compatibilityVersion = "Xcode 13.0";
			developmentRegion = en;
			hasScannedForEncodings = 0;
			knownRegions = (
				en,
				Base,
			);
			mainGroup = F0AD87CE2909499A00D35136;
			productRefGroup = F0AD87D82909499A00D35136 /* Products */;
			projectDirPath = "";
			projectRoot = "";
			targets = (
				F0AD87D62909499A00D35136 /* GoodDayDiary */,
			);
		};
/* End PBXProject section */

/* Begin PBXResourcesBuildPhase section */
		F0AD87D52909499A00D35136 /* Resources */ = {
			isa = PBXResourcesBuildPhase;
			buildActionMask = 2147483647;
			files = (
				F0AD87E72909499A00D35136 /* LaunchScreen.storyboard in Resources */,
				F0AD87E42909499A00D35136 /* Assets.xcassets in Resources */,
				F0AD87F729094D5200D35136 /* AppleSDGothicNeoH.ttf in Resources */,
				F0AD87F829094D5200D35136 /* AppleSDGothicNeoEB.ttf in Resources */,
				F0AD87E22909499A00D35136 /* Main.storyboard in Resources */,
				F0AD8804290952BE00D35136 /* GoogleService-Info.plist in Resources */,
			);
			runOnlyForDeploymentPostprocessing = 0;
		};
/* End PBXResourcesBuildPhase section */

/* Begin PBXShellScriptBuildPhase section */
		55F1CDDE28B91258699963D5 /* [CP] Check Pods Manifest.lock */ = {
			isa = PBXShellScriptBuildPhase;
			buildActionMask = 2147483647;
			files = (
			);
			inputFileListPaths = (
			);
			inputPaths = (
				"${PODS_PODFILE_DIR_PATH}/Podfile.lock",
				"${PODS_ROOT}/Manifest.lock",
			);
			name = "[CP] Check Pods Manifest.lock";
			outputFileListPaths = (
			);
			outputPaths = (
				"$(DERIVED_FILE_DIR)/Pods-GoodDayDiary-checkManifestLockResult.txt",
			);
			runOnlyForDeploymentPostprocessing = 0;
			shellPath = /bin/sh;
			shellScript = "diff \"${PODS_PODFILE_DIR_PATH}/Podfile.lock\" \"${PODS_ROOT}/Manifest.lock\" > /dev/null\nif [ $? != 0 ] ; then\n    # print error to STDERR\n    echo \"error: The sandbox is not in sync with the Podfile.lock. Run 'pod install' or update your CocoaPods installation.\" >&2\n    exit 1\nfi\n# This output is used by Xcode 'outputs' to avoid re-running this script phase.\necho \"SUCCESS\" > \"${SCRIPT_OUTPUT_FILE_0}\"\n";
			showEnvVarsInLog = 0;
		};
		A1D8871FC301DDDA6EFC1F01 /* [CP] Embed Pods Frameworks */ = {
			isa = PBXShellScriptBuildPhase;
			buildActionMask = 2147483647;
			files = (
			);
			inputFileListPaths = (
				"${PODS_ROOT}/Target Support Files/Pods-GoodDayDiary/Pods-GoodDayDiary-frameworks-${CONFIGURATION}-input-files.xcfilelist",
			);
			name = "[CP] Embed Pods Frameworks";
			outputFileListPaths = (
				"${PODS_ROOT}/Target Support Files/Pods-GoodDayDiary/Pods-GoodDayDiary-frameworks-${CONFIGURATION}-output-files.xcfilelist",
			);
			runOnlyForDeploymentPostprocessing = 0;
			shellPath = /bin/sh;
			shellScript = "\"${PODS_ROOT}/Target Support Files/Pods-GoodDayDiary/Pods-GoodDayDiary-frameworks.sh\"\n";
			showEnvVarsInLog = 0;
		};
/* End PBXShellScriptBuildPhase section */

/* Begin PBXSourcesBuildPhase section */
		F0AD87D32909499A00D35136 /* Sources */ = {
			isa = PBXSourcesBuildPhase;
			buildActionMask = 2147483647;
			files = (
				F0AD87FE29094E0B00D35136 /* FirebaseManager.swift in Sources */,
				F0AD87DF2909499A00D35136 /* MainVC.swift in Sources */,
				F0AD880029094E2300D35136 /* ImageManager.swift in Sources */,
				F0AD87DB2909499A00D35136 /* AppDelegate.swift in Sources */,
				F0AD87FA29094DB100D35136 /* FontManager.swift in Sources */,
				F0AD87FC29094DD900D35136 /* TimeManager.swift in Sources */,
				F0AD87DD2909499A00D35136 /* SceneDelegate.swift in Sources */,
				F0D51C86290AA5A900ACAC83 /* UIView.swift in Sources */,
				F0AD8802290950F800D35136 /* ColorManager.swift in Sources */,
			);
			runOnlyForDeploymentPostprocessing = 0;
		};
/* End PBXSourcesBuildPhase section */

/* Begin PBXVariantGroup section */
		F0AD87E02909499A00D35136 /* Main.storyboard */ = {
			isa = PBXVariantGroup;
			children = (
				F0AD87E12909499A00D35136 /* Base */,
			);
			name = Main.storyboard;
			sourceTree = "<group>";
		};
		F0AD87E52909499A00D35136 /* LaunchScreen.storyboard */ = {
			isa = PBXVariantGroup;
			children = (
				F0AD87E62909499A00D35136 /* Base */,
			);
			name = LaunchScreen.storyboard;
			sourceTree = "<group>";
		};
/* End PBXVariantGroup section */

/* Begin XCBuildConfiguration section */
		F0AD87E92909499A00D35136 /* Debug */ = {
			isa = XCBuildConfiguration;
			buildSettings = {
				ALWAYS_SEARCH_USER_PATHS = NO;
				CLANG_ANALYZER_NONNULL = YES;
				CLANG_ANALYZER_NUMBER_OBJECT_CONVERSION = YES_AGGRESSIVE;
				CLANG_CXX_LANGUAGE_STANDARD = "gnu++20";
				CLANG_ENABLE_MODULES = YES;
				CLANG_ENABLE_OBJC_ARC = YES;
				CLANG_ENABLE_OBJC_WEAK = YES;
				CLANG_WARN_BLOCK_CAPTURE_AUTORELEASING = YES;
				CLANG_WARN_BOOL_CONVERSION = YES;
				CLANG_WARN_COMMA = YES;
				CLANG_WARN_CONSTANT_CONVERSION = YES;
				CLANG_WARN_DEPRECATED_OBJC_IMPLEMENTATIONS = YES;
				CLANG_WARN_DIRECT_OBJC_ISA_USAGE = YES_ERROR;
				CLANG_WARN_DOCUMENTATION_COMMENTS = YES;
				CLANG_WARN_EMPTY_BODY = YES;
				CLANG_WARN_ENUM_CONVERSION = YES;
				CLANG_WARN_INFINITE_RECURSION = YES;
				CLANG_WARN_INT_CONVERSION = YES;
				CLANG_WARN_NON_LITERAL_NULL_CONVERSION = YES;
				CLANG_WARN_OBJC_IMPLICIT_RETAIN_SELF = YES;
				CLANG_WARN_OBJC_LITERAL_CONVERSION = YES;
				CLANG_WARN_OBJC_ROOT_CLASS = YES_ERROR;
				CLANG_WARN_QUOTED_INCLUDE_IN_FRAMEWORK_HEADER = YES;
				CLANG_WARN_RANGE_LOOP_ANALYSIS = YES;
				CLANG_WARN_STRICT_PROTOTYPES = YES;
				CLANG_WARN_SUSPICIOUS_MOVE = YES;
				CLANG_WARN_UNGUARDED_AVAILABILITY = YES_AGGRESSIVE;
				CLANG_WARN_UNREACHABLE_CODE = YES;
				CLANG_WARN__DUPLICATE_METHOD_MATCH = YES;
				COPY_PHASE_STRIP = NO;
				DEBUG_INFORMATION_FORMAT = dwarf;
				ENABLE_STRICT_OBJC_MSGSEND = YES;
				ENABLE_TESTABILITY = YES;
				GCC_C_LANGUAGE_STANDARD = gnu11;
				GCC_DYNAMIC_NO_PIC = NO;
				GCC_NO_COMMON_BLOCKS = YES;
				GCC_OPTIMIZATION_LEVEL = 0;
				GCC_PREPROCESSOR_DEFINITIONS = (
					"DEBUG=1",
					"$(inherited)",
				);
				GCC_WARN_64_TO_32_BIT_CONVERSION = YES;
				GCC_WARN_ABOUT_RETURN_TYPE = YES_ERROR;
				GCC_WARN_UNDECLARED_SELECTOR = YES;
				GCC_WARN_UNINITIALIZED_AUTOS = YES_AGGRESSIVE;
				GCC_WARN_UNUSED_FUNCTION = YES;
				GCC_WARN_UNUSED_VARIABLE = YES;
				IPHONEOS_DEPLOYMENT_TARGET = 16.0;
				MTL_ENABLE_DEBUG_INFO = INCLUDE_SOURCE;
				MTL_FAST_MATH = YES;
				ONLY_ACTIVE_ARCH = YES;
				SDKROOT = iphoneos;
				SWIFT_ACTIVE_COMPILATION_CONDITIONS = DEBUG;
				SWIFT_OPTIMIZATION_LEVEL = "-Onone";
			};
			name = Debug;
		};
		F0AD87EA2909499A00D35136 /* Release */ = {
			isa = XCBuildConfiguration;
			buildSettings = {
				ALWAYS_SEARCH_USER_PATHS = NO;
				CLANG_ANALYZER_NONNULL = YES;
				CLANG_ANALYZER_NUMBER_OBJECT_CONVERSION = YES_AGGRESSIVE;
				CLANG_CXX_LANGUAGE_STANDARD = "gnu++20";
				CLANG_ENABLE_MODULES = YES;
				CLANG_ENABLE_OBJC_ARC = YES;
				CLANG_ENABLE_OBJC_WEAK = YES;
				CLANG_WARN_BLOCK_CAPTURE_AUTORELEASING = YES;
				CLANG_WARN_BOOL_CONVERSION = YES;
				CLANG_WARN_COMMA = YES;
				CLANG_WARN_CONSTANT_CONVERSION = YES;
				CLANG_WARN_DEPRECATED_OBJC_IMPLEMENTATIONS = YES;
				CLANG_WARN_DIRECT_OBJC_ISA_USAGE = YES_ERROR;
				CLANG_WARN_DOCUMENTATION_COMMENTS = YES;
				CLANG_WARN_EMPTY_BODY = YES;
				CLANG_WARN_ENUM_CONVERSION = YES;
				CLANG_WARN_INFINITE_RECURSION = YES;
				CLANG_WARN_INT_CONVERSION = YES;
				CLANG_WARN_NON_LITERAL_NULL_CONVERSION = YES;
				CLANG_WARN_OBJC_IMPLICIT_RETAIN_SELF = YES;
				CLANG_WARN_OBJC_LITERAL_CONVERSION = YES;
				CLANG_WARN_OBJC_ROOT_CLASS = YES_ERROR;
				CLANG_WARN_QUOTED_INCLUDE_IN_FRAMEWORK_HEADER = YES;
				CLANG_WARN_RANGE_LOOP_ANALYSIS = YES;
				CLANG_WARN_STRICT_PROTOTYPES = YES;
				CLANG_WARN_SUSPICIOUS_MOVE = YES;
				CLANG_WARN_UNGUARDED_AVAILABILITY = YES_AGGRESSIVE;
				CLANG_WARN_UNREACHABLE_CODE = YES;
				CLANG_WARN__DUPLICATE_METHOD_MATCH = YES;
				COPY_PHASE_STRIP = NO;
				DEBUG_INFORMATION_FORMAT = "dwarf-with-dsym";
				ENABLE_NS_ASSERTIONS = NO;
				ENABLE_STRICT_OBJC_MSGSEND = YES;
				GCC_C_LANGUAGE_STANDARD = gnu11;
				GCC_NO_COMMON_BLOCKS = YES;
				GCC_WARN_64_TO_32_BIT_CONVERSION = YES;
				GCC_WARN_ABOUT_RETURN_TYPE = YES_ERROR;
				GCC_WARN_UNDECLARED_SELECTOR = YES;
				GCC_WARN_UNINITIALIZED_AUTOS = YES_AGGRESSIVE;
				GCC_WARN_UNUSED_FUNCTION = YES;
				GCC_WARN_UNUSED_VARIABLE = YES;
				IPHONEOS_DEPLOYMENT_TARGET = 16.0;
				MTL_ENABLE_DEBUG_INFO = NO;
				MTL_FAST_MATH = YES;
				SDKROOT = iphoneos;
				SWIFT_COMPILATION_MODE = wholemodule;
				SWIFT_OPTIMIZATION_LEVEL = "-O";
				VALIDATE_PRODUCT = YES;
			};
			name = Release;
		};
		F0AD87EC2909499A00D35136 /* Debug */ = {
			isa = XCBuildConfiguration;
			baseConfigurationReference = 4D6D5FA8F1F32F7042DB45A9 /* Pods-GoodDayDiary.debug.xcconfig */;
			buildSettings = {
				ASSETCATALOG_COMPILER_APPICON_NAME = AppIcon;
				ASSETCATALOG_COMPILER_GLOBAL_ACCENT_COLOR_NAME = AccentColor;
				CODE_SIGN_STYLE = Automatic;
				CURRENT_PROJECT_VERSION = 1;
				DEVELOPMENT_TEAM = ZDUPRML6B6;
				GENERATE_INFOPLIST_FILE = YES;
				INFOPLIST_FILE = GoodDayDiary/Info.plist;
				INFOPLIST_KEY_UIApplicationSupportsIndirectInputEvents = YES;
				INFOPLIST_KEY_UILaunchStoryboardName = LaunchScreen;
				INFOPLIST_KEY_UIMainStoryboardFile = Main;
				INFOPLIST_KEY_UIStatusBarStyle = UIStatusBarStyleDarkContent;
				INFOPLIST_KEY_UISupportedInterfaceOrientations_iPad = "UIInterfaceOrientationPortrait UIInterfaceOrientationPortraitUpsideDown UIInterfaceOrientationLandscapeLeft UIInterfaceOrientationLandscapeRight";
				INFOPLIST_KEY_UISupportedInterfaceOrientations_iPhone = "UIInterfaceOrientationPortrait UIInterfaceOrientationLandscapeLeft UIInterfaceOrientationLandscapeRight";
				IPHONEOS_DEPLOYMENT_TARGET = 14.0;
				LD_RUNPATH_SEARCH_PATHS = (
					"$(inherited)",
					"@executable_path/Frameworks",
				);
				MARKETING_VERSION = 1.0;
				PRODUCT_BUNDLE_IDENTIFIER = kr.myungsun.GoodDayDiary;
				PRODUCT_NAME = "$(TARGET_NAME)";
				SUPPORTED_PLATFORMS = "iphoneos iphonesimulator";
				SUPPORTS_MACCATALYST = NO;
				SUPPORTS_MAC_DESIGNED_FOR_IPHONE_IPAD = YES;
				SWIFT_EMIT_LOC_STRINGS = YES;
				SWIFT_VERSION = 5.0;
				TARGETED_DEVICE_FAMILY = 1;
			};
			name = Debug;
		};
		F0AD87ED2909499A00D35136 /* Release */ = {
			isa = XCBuildConfiguration;
			baseConfigurationReference = 672F9E54FEB12167771806A0 /* Pods-GoodDayDiary.release.xcconfig */;
			buildSettings = {
				ASSETCATALOG_COMPILER_APPICON_NAME = AppIcon;
				ASSETCATALOG_COMPILER_GLOBAL_ACCENT_COLOR_NAME = AccentColor;
				CODE_SIGN_STYLE = Automatic;
				CURRENT_PROJECT_VERSION = 1;
				DEVELOPMENT_TEAM = ZDUPRML6B6;
				GENERATE_INFOPLIST_FILE = YES;
				INFOPLIST_FILE = GoodDayDiary/Info.plist;
				INFOPLIST_KEY_UIApplicationSupportsIndirectInputEvents = YES;
				INFOPLIST_KEY_UILaunchStoryboardName = LaunchScreen;
				INFOPLIST_KEY_UIMainStoryboardFile = Main;
				INFOPLIST_KEY_UIStatusBarStyle = UIStatusBarStyleDarkContent;
				INFOPLIST_KEY_UISupportedInterfaceOrientations_iPad = "UIInterfaceOrientationPortrait UIInterfaceOrientationPortraitUpsideDown UIInterfaceOrientationLandscapeLeft UIInterfaceOrientationLandscapeRight";
				INFOPLIST_KEY_UISupportedInterfaceOrientations_iPhone = "UIInterfaceOrientationPortrait UIInterfaceOrientationLandscapeLeft UIInterfaceOrientationLandscapeRight";
				IPHONEOS_DEPLOYMENT_TARGET = 14.0;
				LD_RUNPATH_SEARCH_PATHS = (
					"$(inherited)",
					"@executable_path/Frameworks",
				);
				MARKETING_VERSION = 1.0;
				PRODUCT_BUNDLE_IDENTIFIER = kr.myungsun.GoodDayDiary;
				PRODUCT_NAME = "$(TARGET_NAME)";
				SUPPORTED_PLATFORMS = "iphoneos iphonesimulator";
				SUPPORTS_MACCATALYST = NO;
				SUPPORTS_MAC_DESIGNED_FOR_IPHONE_IPAD = YES;
				SWIFT_EMIT_LOC_STRINGS = YES;
				SWIFT_VERSION = 5.0;
				TARGETED_DEVICE_FAMILY = 1;
			};
			name = Release;
		};
/* End XCBuildConfiguration section */

/* Begin XCConfigurationList section */
		F0AD87D22909499A00D35136 /* Build configuration list for PBXProject "GoodDayDiary" */ = {
			isa = XCConfigurationList;
			buildConfigurations = (
				F0AD87E92909499A00D35136 /* Debug */,
				F0AD87EA2909499A00D35136 /* Release */,
			);
			defaultConfigurationIsVisible = 0;
			defaultConfigurationName = Release;
		};
		F0AD87EB2909499A00D35136 /* Build configuration list for PBXNativeTarget "GoodDayDiary" */ = {
			isa = XCConfigurationList;
			buildConfigurations = (
				F0AD87EC2909499A00D35136 /* Debug */,
				F0AD87ED2909499A00D35136 /* Release */,
			);
			defaultConfigurationIsVisible = 0;
			defaultConfigurationName = Release;
		};
/* End XCConfigurationList section */
	};
	rootObject = F0AD87CF2909499A00D35136 /* Project object */;
}
